// !$*UTF8*$!
{
	archiveVersion = 1;
	classes = {
	};
	objectVersion = 46;
	objects = {

/* Begin PBXBuildFile section */
		4339464D1CEA33C10093A8D7 /* AppDelegate.swift in Sources */ = {isa = PBXBuildFile; fileRef = 4339464C1CEA33C10093A8D7 /* AppDelegate.swift */; };
		4339464F1CEA33C10093A8D7 /* ViewController.swift in Sources */ = {isa = PBXBuildFile; fileRef = 4339464E1CEA33C10093A8D7 /* ViewController.swift */; };
		433946521CEA33C10093A8D7 /* Main.storyboard in Resources */ = {isa = PBXBuildFile; fileRef = 433946501CEA33C10093A8D7 /* Main.storyboard */; };
		433946571CEA33C10093A8D7 /* LaunchScreen.storyboard in Resources */ = {isa = PBXBuildFile; fileRef = 433946551CEA33C10093A8D7 /* LaunchScreen.storyboard */; };
		433946611CEA34220093A8D7 /* Reachability.m in Sources */ = {isa = PBXBuildFile; fileRef = 433946601CEA34220093A8D7 /* Reachability.m */; };
		433946641CEA344B0093A8D7 /* Weather.swift in Sources */ = {isa = PBXBuildFile; fileRef = 433946631CEA344B0093A8D7 /* Weather.swift */; };
		433946671CEA355D0093A8D7 /* DataManager.swift in Sources */ = {isa = PBXBuildFile; fileRef = 433946661CEA355D0093A8D7 /* DataManager.swift */; };
		433946691CEA356D0093A8D7 /* NetworkManager.swift in Sources */ = {isa = PBXBuildFile; fileRef = 433946681CEA356D0093A8D7 /* NetworkManager.swift */; };
		4339466C1CEB4C9E0093A8D7 /* SwiftyWeatherModel.xcdatamodeld in Sources */ = {isa = PBXBuildFile; fileRef = 4339466A1CEB4C9E0093A8D7 /* SwiftyWeatherModel.xcdatamodeld */; };
		4339466F1CEB4D0D0093A8D7 /* Locations+CoreDataProperties.swift in Sources */ = {isa = PBXBuildFile; fileRef = 4339466D1CEB4D0D0093A8D7 /* Locations+CoreDataProperties.swift */; };
		433946701CEB4D0D0093A8D7 /* Locations.swift in Sources */ = {isa = PBXBuildFile; fileRef = 4339466E1CEB4D0D0093A8D7 /* Locations.swift */; };
		43A755571CF6226000E5B7F6 /* DailyWeather.swift in Sources */ = {isa = PBXBuildFile; fileRef = 43A755561CF6226000E5B7F6 /* DailyWeather.swift */; };
		43DC92251CF75E1B0062C5CC /* RoundedButton.swift in Sources */ = {isa = PBXBuildFile; fileRef = 43DC92241CF75E1B0062C5CC /* RoundedButton.swift */; };
		43DC92271CF75EAA0062C5CC /* RoundedTextView.swift in Sources */ = {isa = PBXBuildFile; fileRef = 43DC92261CF75EAA0062C5CC /* RoundedTextView.swift */; };
		43DC92291CF75ECF0062C5CC /* RoundedLabel.swift in Sources */ = {isa = PBXBuildFile; fileRef = 43DC92281CF75ECF0062C5CC /* RoundedLabel.swift */; };
		43DC922B1CF778DA0062C5CC /* Assets.xcassets in Resources */ = {isa = PBXBuildFile; fileRef = 43DC922A1CF778DA0062C5CC /* Assets.xcassets */; };
/* End PBXBuildFile section */

/* Begin PBXFileReference section */
		433946491CEA33C10093A8D7 /* SwiftyWeather.app */ = {isa = PBXFileReference; explicitFileType = wrapper.application; includeInIndex = 0; path = SwiftyWeather.app; sourceTree = BUILT_PRODUCTS_DIR; };
		4339464C1CEA33C10093A8D7 /* AppDelegate.swift */ = {isa = PBXFileReference; lastKnownFileType = sourcecode.swift; path = AppDelegate.swift; sourceTree = "<group>"; };
		4339464E1CEA33C10093A8D7 /* ViewController.swift */ = {isa = PBXFileReference; lastKnownFileType = sourcecode.swift; path = ViewController.swift; sourceTree = "<group>"; };
		433946511CEA33C10093A8D7 /* Base */ = {isa = PBXFileReference; lastKnownFileType = file.storyboard; name = Base; path = Base.lproj/Main.storyboard; sourceTree = "<group>"; };
		433946561CEA33C10093A8D7 /* Base */ = {isa = PBXFileReference; lastKnownFileType = file.storyboard; name = Base; path = Base.lproj/LaunchScreen.storyboard; sourceTree = "<group>"; };
		433946581CEA33C10093A8D7 /* Info.plist */ = {isa = PBXFileReference; lastKnownFileType = text.plist.xml; path = Info.plist; sourceTree = "<group>"; };
		4339465E1CEA34220093A8D7 /* SwiftyWeather-Bridging-Header.h */ = {isa = PBXFileReference; lastKnownFileType = sourcecode.c.h; path = "SwiftyWeather-Bridging-Header.h"; sourceTree = "<group>"; };
		4339465F1CEA34220093A8D7 /* Reachability.h */ = {isa = PBXFileReference; fileEncoding = 4; lastKnownFileType = sourcecode.c.h; path = Reachability.h; sourceTree = "<group>"; };
		433946601CEA34220093A8D7 /* Reachability.m */ = {isa = PBXFileReference; fileEncoding = 4; lastKnownFileType = sourcecode.c.objc; path = Reachability.m; sourceTree = "<group>"; };
		433946631CEA344B0093A8D7 /* Weather.swift */ = {isa = PBXFileReference; fileEncoding = 4; lastKnownFileType = sourcecode.swift; path = Weather.swift; sourceTree = "<group>"; };
		433946661CEA355D0093A8D7 /* DataManager.swift */ = {isa = PBXFileReference; fileEncoding = 4; lastKnownFileType = sourcecode.swift; path = DataManager.swift; sourceTree = "<group>"; };
		433946681CEA356D0093A8D7 /* NetworkManager.swift */ = {isa = PBXFileReference; fileEncoding = 4; lastKnownFileType = sourcecode.swift; path = NetworkManager.swift; sourceTree = "<group>"; };
		4339466B1CEB4C9E0093A8D7 /* SwiftyWeatherModel.xcdatamodel */ = {isa = PBXFileReference; lastKnownFileType = wrapper.xcdatamodel; path = SwiftyWeatherModel.xcdatamodel; sourceTree = "<group>"; };
		4339466D1CEB4D0D0093A8D7 /* Locations+CoreDataProperties.swift */ = {isa = PBXFileReference; fileEncoding = 4; lastKnownFileType = sourcecode.swift; path = "Locations+CoreDataProperties.swift"; sourceTree = "<group>"; };
		4339466E1CEB4D0D0093A8D7 /* Locations.swift */ = {isa = PBXFileReference; fileEncoding = 4; lastKnownFileType = sourcecode.swift; path = Locations.swift; sourceTree = "<group>"; };
		43A755561CF6226000E5B7F6 /* DailyWeather.swift */ = {isa = PBXFileReference; fileEncoding = 4; lastKnownFileType = sourcecode.swift; path = DailyWeather.swift; sourceTree = "<group>"; };
		43DC92241CF75E1B0062C5CC /* RoundedButton.swift */ = {isa = PBXFileReference; fileEncoding = 4; lastKnownFileType = sourcecode.swift; path = RoundedButton.swift; sourceTree = "<group>"; };
		43DC92261CF75EAA0062C5CC /* RoundedTextView.swift */ = {isa = PBXFileReference; fileEncoding = 4; lastKnownFileType = sourcecode.swift; path = RoundedTextView.swift; sourceTree = "<group>"; };
		43DC92281CF75ECF0062C5CC /* RoundedLabel.swift */ = {isa = PBXFileReference; fileEncoding = 4; lastKnownFileType = sourcecode.swift; path = RoundedLabel.swift; sourceTree = "<group>"; };
		43DC922A1CF778DA0062C5CC /* Assets.xcassets */ = {isa = PBXFileReference; lastKnownFileType = folder.assetcatalog; path = Assets.xcassets; sourceTree = "<group>"; };
/* End PBXFileReference section */

/* Begin PBXFrameworksBuildPhase section */
		433946461CEA33C10093A8D7 /* Frameworks */ = {
			isa = PBXFrameworksBuildPhase;
			buildActionMask = 2147483647;
			files = (
			);
			runOnlyForDeploymentPostprocessing = 0;
		};
/* End PBXFrameworksBuildPhase section */

/* Begin PBXGroup section */
		433946401CEA33C10093A8D7 = {
			isa = PBXGroup;
			children = (
				4339464B1CEA33C10093A8D7 /* SwiftyWeather */,
				4339464A1CEA33C10093A8D7 /* Products */,
			);
			sourceTree = "<group>";
		};
		4339464A1CEA33C10093A8D7 /* Products */ = {
			isa = PBXGroup;
			children = (
				433946491CEA33C10093A8D7 /* SwiftyWeather.app */,
			);
			name = Products;
			sourceTree = "<group>";
		};
		4339464B1CEA33C10093A8D7 /* SwiftyWeather */ = {
			isa = PBXGroup;
			children = (
				4339464C1CEA33C10093A8D7 /* AppDelegate.swift */,
				4339464E1CEA33C10093A8D7 /* ViewController.swift */,
				433946681CEA356D0093A8D7 /* NetworkManager.swift */,
				433946661CEA355D0093A8D7 /* DataManager.swift */,
				433946651CEA34520093A8D7 /* Model */,
				433946501CEA33C10093A8D7 /* Main.storyboard */,
				433946551CEA33C10093A8D7 /* LaunchScreen.storyboard */,
				433946581CEA33C10093A8D7 /* Info.plist */,
				43DC922A1CF778DA0062C5CC /* Assets.xcassets */,
				43DC92241CF75E1B0062C5CC /* RoundedButton.swift */,
				43DC92261CF75EAA0062C5CC /* RoundedTextView.swift */,
				43DC92281CF75ECF0062C5CC /* RoundedLabel.swift */,
				433946621CEA342D0093A8D7 /* Objective C Reachability Stuff */,
			);
			path = SwiftyWeather;
			sourceTree = "<group>";
		};
		433946621CEA342D0093A8D7 /* Objective C Reachability Stuff */ = {
			isa = PBXGroup;
			children = (
				4339465F1CEA34220093A8D7 /* Reachability.h */,
				433946601CEA34220093A8D7 /* Reachability.m */,
				4339465E1CEA34220093A8D7 /* SwiftyWeather-Bridging-Header.h */,
			);
			name = "Objective C Reachability Stuff";
			sourceTree = "<group>";
		};
		433946651CEA34520093A8D7 /* Model */ = {
			isa = PBXGroup;
			children = (
				4339466A1CEB4C9E0093A8D7 /* SwiftyWeatherModel.xcdatamodeld */,
				4339466D1CEB4D0D0093A8D7 /* Locations+CoreDataProperties.swift */,
				4339466E1CEB4D0D0093A8D7 /* Locations.swift */,
				433946631CEA344B0093A8D7 /* Weather.swift */,
				43A755561CF6226000E5B7F6 /* DailyWeather.swift */,
			);
			name = Model;
			sourceTree = "<group>";
		};
/* End PBXGroup section */

/* Begin PBXNativeTarget section */
		433946481CEA33C10093A8D7 /* SwiftyWeather */ = {
			isa = PBXNativeTarget;
			buildConfigurationList = 4339465B1CEA33C10093A8D7 /* Build configuration list for PBXNativeTarget "SwiftyWeather" */;
			buildPhases = (
				433946451CEA33C10093A8D7 /* Sources */,
				433946461CEA33C10093A8D7 /* Frameworks */,
				433946471CEA33C10093A8D7 /* Resources */,
			);
			buildRules = (
			);
			dependencies = (
			);
			name = SwiftyWeather;
			productName = SwiftyWeather;
			productReference = 433946491CEA33C10093A8D7 /* SwiftyWeather.app */;
			productType = "com.apple.product-type.application";
		};
/* End PBXNativeTarget section */

/* Begin PBXProject section */
		433946411CEA33C10093A8D7 /* Project object */ = {
			isa = PBXProject;
			attributes = {
				LastSwiftUpdateCheck = 0730;
				LastUpgradeCheck = 0730;
				ORGANIZATIONNAME = "Patrick Cooke";
				TargetAttributes = {
					433946481CEA33C10093A8D7 = {
						CreatedOnToolsVersion = 7.3;
						DevelopmentTeam = H56J2Z836K;
					};
				};
			};
			buildConfigurationList = 433946441CEA33C10093A8D7 /* Build configuration list for PBXProject "SwiftyWeather" */;
			compatibilityVersion = "Xcode 3.2";
			developmentRegion = English;
			hasScannedForEncodings = 0;
			knownRegions = (
				en,
				Base,
			);
			mainGroup = 433946401CEA33C10093A8D7;
			productRefGroup = 4339464A1CEA33C10093A8D7 /* Products */;
			projectDirPath = "";
			projectRoot = "";
			targets = (
				433946481CEA33C10093A8D7 /* SwiftyWeather */,
			);
		};
/* End PBXProject section */

/* Begin PBXResourcesBuildPhase section */
		433946471CEA33C10093A8D7 /* Resources */ = {
			isa = PBXResourcesBuildPhase;
			buildActionMask = 2147483647;
			files = (
				433946571CEA33C10093A8D7 /* LaunchScreen.storyboard in Resources */,
				43DC922B1CF778DA0062C5CC /* Assets.xcassets in Resources */,
				433946521CEA33C10093A8D7 /* Main.storyboard in Resources */,
			);
			runOnlyForDeploymentPostprocessing = 0;
		};
/* End PBXResourcesBuildPhase section */

/* Begin PBXSourcesBuildPhase section */
		433946451CEA33C10093A8D7 /* Sources */ = {
			isa = PBXSourcesBuildPhase;
			buildActionMask = 2147483647;
			files = (
				43A755571CF6226000E5B7F6 /* DailyWeather.swift in Sources */,
				43DC92271CF75EAA0062C5CC /* RoundedTextView.swift in Sources */,
				433946701CEB4D0D0093A8D7 /* Locations.swift in Sources */,
				433946691CEA356D0093A8D7 /* NetworkManager.swift in Sources */,
				43DC92291CF75ECF0062C5CC /* RoundedLabel.swift in Sources */,
				433946641CEA344B0093A8D7 /* Weather.swift in Sources */,
				4339466C1CEB4C9E0093A8D7 /* SwiftyWeatherModel.xcdatamodeld in Sources */,
				433946671CEA355D0093A8D7 /* DataManager.swift in Sources */,
				43DC92251CF75E1B0062C5CC /* RoundedButton.swift in Sources */,
				4339466F1CEB4D0D0093A8D7 /* Locations+CoreDataProperties.swift in Sources */,
				4339464F1CEA33C10093A8D7 /* ViewController.swift in Sources */,
				433946611CEA34220093A8D7 /* Reachability.m in Sources */,
				4339464D1CEA33C10093A8D7 /* AppDelegate.swift in Sources */,
			);
			runOnlyForDeploymentPostprocessing = 0;
		};
/* End PBXSourcesBuildPhase section */

/* Begin PBXVariantGroup section */
		433946501CEA33C10093A8D7 /* Main.storyboard */ = {
			isa = PBXVariantGroup;
			children = (
				433946511CEA33C10093A8D7 /* Base */,
			);
			name = Main.storyboard;
			sourceTree = "<group>";
		};
		433946551CEA33C10093A8D7 /* LaunchScreen.storyboard */ = {
			isa = PBXVariantGroup;
			children = (
				433946561CEA33C10093A8D7 /* Base */,
			);
			name = LaunchScreen.storyboard;
			sourceTree = "<group>";
		};
/* End PBXVariantGroup section */

/* Begin XCBuildConfiguration section */
		433946591CEA33C10093A8D7 /* Debug */ = {
			isa = XCBuildConfiguration;
			buildSettings = {
				ALWAYS_SEARCH_USER_PATHS = NO;
				CLANG_ANALYZER_NONNULL = YES;
				CLANG_CXX_LANGUAGE_STANDARD = "gnu++0x";
				CLANG_CXX_LIBRARY = "libc++";
				CLANG_ENABLE_MODULES = YES;
				CLANG_ENABLE_OBJC_ARC = YES;
				CLANG_WARN_BOOL_CONVERSION = YES;
				CLANG_WARN_CONSTANT_CONVERSION = YES;
				CLANG_WARN_DIRECT_OBJC_ISA_USAGE = YES_ERROR;
				CLANG_WARN_EMPTY_BODY = YES;
				CLANG_WARN_ENUM_CONVERSION = YES;
				CLANG_WARN_INT_CONVERSION = YES;
				CLANG_WARN_OBJC_ROOT_CLASS = YES_ERROR;
				CLANG_WARN_UNREACHABLE_CODE = YES;
				CLANG_WARN__DUPLICATE_METHOD_MATCH = YES;
				"CODE_SIGN_IDENTITY[sdk=iphoneos*]" = "iPhone Developer";
				COPY_PHASE_STRIP = NO;
				DEBUG_INFORMATION_FORMAT = dwarf;
				ENABLE_STRICT_OBJC_MSGSEND = YES;
				ENABLE_TESTABILITY = YES;
				GCC_C_LANGUAGE_STANDARD = gnu99;
				GCC_DYNAMIC_NO_PIC = NO;
				GCC_NO_COMMON_BLOCKS = YES;
				GCC_OPTIMIZATION_LEVEL = 0;
				GCC_PREPROCESSOR_DEFINITIONS = (
					"DEBUG=1",
					"$(inherited)",
				);
				GCC_WARN_64_TO_32_BIT_CONVERSION = YES;
				GCC_WARN_ABOUT_RETURN_TYPE = YES_ERROR;
				GCC_WARN_UNDECLARED_SELECTOR = YES;
				GCC_WARN_UNINITIALIZED_AUTOS = YES_AGGRESSIVE;
				GCC_WARN_UNUSED_FUNCTION = YES;
				GCC_WARN_UNUSED_VARIABLE = YES;
				IPHONEOS_DEPLOYMENT_TARGET = 9.3;
				MTL_ENABLE_DEBUG_INFO = YES;
				ONLY_ACTIVE_ARCH = YES;
				SDKROOT = iphoneos;
				SWIFT_OPTIMIZATION_LEVEL = "-Onone";
				TARGETED_DEVICE_FAMILY = "1,2";
			};
			name = Debug;
		};
		4339465A1CEA33C10093A8D7 /* Release */ = {
			isa = XCBuildConfiguration;
			buildSettings = {
				ALWAYS_SEARCH_USER_PATHS = NO;
				CLANG_ANALYZER_NONNULL = YES;
				CLANG_CXX_LANGUAGE_STANDARD = "gnu++0x";
				CLANG_CXX_LIBRARY = "libc++";
				CLANG_ENABLE_MODULES = YES;
				CLANG_ENABLE_OBJC_ARC = YES;
				CLANG_WARN_BOOL_CONVERSION = YES;
				CLANG_WARN_CONSTANT_CONVERSION = YES;
				CLANG_WARN_DIRECT_OBJC_ISA_USAGE = YES_ERROR;
				CLANG_WARN_EMPTY_BODY = YES;
				CLANG_WARN_ENUM_CONVERSION = YES;
				CLANG_WARN_INT_CONVERSION = YES;
				CLANG_WARN_OBJC_ROOT_CLASS = YES_ERROR;
				CLANG_WARN_UNREACHABLE_CODE = YES;
				CLANG_WARN__DUPLICATE_METHOD_MATCH = YES;
				"CODE_SIGN_IDENTITY[sdk=iphoneos*]" = "iPhone Developer";
				COPY_PHASE_STRIP = NO;
				DEBUG_INFORMATION_FORMAT = "dwarf-with-dsym";
				ENABLE_NS_ASSERTIONS = NO;
				ENABLE_STRICT_OBJC_MSGSEND = YES;
				GCC_C_LANGUAGE_STANDARD = gnu99;
				GCC_NO_COMMON_BLOCKS = YES;
				GCC_WARN_64_TO_32_BIT_CONVERSION = YES;
				GCC_WARN_ABOUT_RETURN_TYPE = YES_ERROR;
				GCC_WARN_UNDECLARED_SELECTOR = YES;
				GCC_WARN_UNINITIALIZED_AUTOS = YES_AGGRESSIVE;
				GCC_WARN_UNUSED_FUNCTION = YES;
				GCC_WARN_UNUSED_VARIABLE = YES;
				IPHONEOS_DEPLOYMENT_TARGET = 9.3;
				MTL_ENABLE_DEBUG_INFO = NO;
				SDKROOT = iphoneos;
				TARGETED_DEVICE_FAMILY = "1,2";
				VALIDATE_PRODUCT = YES;
			};
			name = Release;
		};
		4339465C1CEA33C10093A8D7 /* Debug */ = {
			isa = XCBuildConfiguration;
			buildSettings = {
				ASSETCATALOG_COMPILER_APPICON_NAME = AppIcon;
				CLANG_ENABLE_MODULES = YES;
				INFOPLIST_FILE = SwiftyWeather/Info.plist;
				LD_RUNPATH_SEARCH_PATHS = "$(inherited) @executable_path/Frameworks";
				PRODUCT_BUNDLE_IDENTIFIER = com.thepatrickcooke.SwiftyWeather;
				PRODUCT_NAME = "$(TARGET_NAME)";
				SWIFT_OBJC_BRIDGING_HEADER = "SwiftyWeather/SwiftyWeather-Bridging-Header.h";
				SWIFT_OPTIMIZATION_LEVEL = "-Onone";
			};
			name = Debug;
		};
		4339465D1CEA33C10093A8D7 /* Release */ = {
			isa = XCBuildConfiguration;
			buildSettings = {
				ASSETCATALOG_COMPILER_APPICON_NAME = AppIcon;
				CLANG_ENABLE_MODULES = YES;
				INFOPLIST_FILE = SwiftyWeather/Info.plist;
				LD_RUNPATH_SEARCH_PATHS = "$(inherited) @executable_path/Frameworks";
				PRODUCT_BUNDLE_IDENTIFIER = com.thepatrickcooke.SwiftyWeather;
				PRODUCT_NAME = "$(TARGET_NAME)";
				SWIFT_OBJC_BRIDGING_HEADER = "SwiftyWeather/SwiftyWeather-Bridging-Header.h";
			};
			name = Release;
		};
/* End XCBuildConfiguration section */

/* Begin XCConfigurationList section */
		433946441CEA33C10093A8D7 /* Build configuration list for PBXProject "SwiftyWeather" */ = {
			isa = XCConfigurationList;
			buildConfigurations = (
				433946591CEA33C10093A8D7 /* Debug */,
				4339465A1CEA33C10093A8D7 /* Release */,
			);
			defaultConfigurationIsVisible = 0;
			defaultConfigurationName = Release;
		};
		4339465B1CEA33C10093A8D7 /* Build configuration list for PBXNativeTarget "SwiftyWeather" */ = {
			isa = XCConfigurationList;
			buildConfigurations = (
				4339465C1CEA33C10093A8D7 /* Debug */,
				4339465D1CEA33C10093A8D7 /* Release */,
			);
			defaultConfigurationIsVisible = 0;
			defaultConfigurationName = Release;
		};
/* End XCConfigurationList section */

/* Begin XCVersionGroup section */
		4339466A1CEB4C9E0093A8D7 /* SwiftyWeatherModel.xcdatamodeld */ = {
			isa = XCVersionGroup;
			children = (
				4339466B1CEB4C9E0093A8D7 /* SwiftyWeatherModel.xcdatamodel */,
			);
			currentVersion = 4339466B1CEB4C9E0093A8D7 /* SwiftyWeatherModel.xcdatamodel */;
			path = SwiftyWeatherModel.xcdatamodeld;
			sourceTree = "<group>";
			versionGroupType = wrapper.xcdatamodel;
		};
/* End XCVersionGroup section */
	};
	rootObject = 433946411CEA33C10093A8D7 /* Project object */;
}
